// !$*UTF8*$!
{
	archiveVersion = 1;
	classes = {
	};
	objectVersion = 56;
	objects = {

/* Begin PBXBuildFile section */
		AC803B602C4CDECA00C374F4 /* AppDelegate.swift in Sources */ = {isa = PBXBuildFile; fileRef = AC803B5F2C4CDECA00C374F4 /* AppDelegate.swift */; };
		AC803B622C4CDECA00C374F4 /* SceneDelegate.swift in Sources */ = {isa = PBXBuildFile; fileRef = AC803B612C4CDECA00C374F4 /* SceneDelegate.swift */; };
		AC803B642C4CDECA00C374F4 /* ViewController.swift in Sources */ = {isa = PBXBuildFile; fileRef = AC803B632C4CDECA00C374F4 /* ViewController.swift */; };
		AC803B692C4CDED700C374F4 /* Assets.xcassets in Resources */ = {isa = PBXBuildFile; fileRef = AC803B682C4CDED700C374F4 /* Assets.xcassets */; };
		AC803B742C4CE03600C374F4 /* WeatherCell.swift in Sources */ = {isa = PBXBuildFile; fileRef = AC803B732C4CE03600C374F4 /* WeatherCell.swift */; };
		AC803B762C4CF01600C374F4 /* WeatherShaders.metal in Sources */ = {isa = PBXBuildFile; fileRef = AC803B752C4CF01600C374F4 /* WeatherShaders.metal */; };
		AC803B782C4DAB2000C374F4 /* WeatherMetalView.swift in Sources */ = {isa = PBXBuildFile; fileRef = AC803B772C4DAB2000C374F4 /* WeatherMetalView.swift */; };
/* End PBXBuildFile section */

/* Begin PBXFileReference section */
		AC803B5C2C4CDECA00C374F4 /* MightyCloudsOfJoy.app */ = {isa = PBXFileReference; explicitFileType = wrapper.application; includeInIndex = 0; path = MightyCloudsOfJoy.app; sourceTree = BUILT_PRODUCTS_DIR; };
		AC803B5F2C4CDECA00C374F4 /* AppDelegate.swift */ = {isa = PBXFileReference; lastKnownFileType = sourcecode.swift; path = AppDelegate.swift; sourceTree = "<group>"; };
		AC803B612C4CDECA00C374F4 /* SceneDelegate.swift */ = {isa = PBXFileReference; lastKnownFileType = sourcecode.swift; path = SceneDelegate.swift; sourceTree = "<group>"; };
		AC803B632C4CDECA00C374F4 /* ViewController.swift */ = {isa = PBXFileReference; lastKnownFileType = sourcecode.swift; path = ViewController.swift; sourceTree = "<group>"; };
		AC803B682C4CDED700C374F4 /* Assets.xcassets */ = {isa = PBXFileReference; lastKnownFileType = folder.assetcatalog; path = Assets.xcassets; sourceTree = "<group>"; };
		AC803B6D2C4CDED700C374F4 /* Info.plist */ = {isa = PBXFileReference; lastKnownFileType = text.plist.xml; path = Info.plist; sourceTree = "<group>"; };
		AC803B732C4CE03600C374F4 /* WeatherCell.swift */ = {isa = PBXFileReference; lastKnownFileType = sourcecode.swift; path = WeatherCell.swift; sourceTree = "<group>"; };
		AC803B752C4CF01600C374F4 /* WeatherShaders.metal */ = {isa = PBXFileReference; lastKnownFileType = sourcecode.metal; path = WeatherShaders.metal; sourceTree = "<group>"; };
		AC803B772C4DAB2000C374F4 /* WeatherMetalView.swift */ = {isa = PBXFileReference; lastKnownFileType = sourcecode.swift; path = WeatherMetalView.swift; sourceTree = "<group>"; };
/* End PBXFileReference section */

/* Begin PBXFrameworksBuildPhase section */
		AC803B592C4CDECA00C374F4 /* Frameworks */ = {
			isa = PBXFrameworksBuildPhase;
			buildActionMask = 2147483647;
			files = (
			);
			runOnlyForDeploymentPostprocessing = 0;
		};
/* End PBXFrameworksBuildPhase section */

/* Begin PBXGroup section */
		AC803B532C4CDECA00C374F4 = {
			isa = PBXGroup;
			children = (
				AC803B5E2C4CDECA00C374F4 /* MightyCloudsOfJoy */,
				AC803B5D2C4CDECA00C374F4 /* Products */,
			);
			sourceTree = "<group>";
		};
		AC803B5D2C4CDECA00C374F4 /* Products */ = {
			isa = PBXGroup;
			children = (
				AC803B5C2C4CDECA00C374F4 /* MightyCloudsOfJoy.app */,
			);
			name = Products;
			sourceTree = "<group>";
		};
		AC803B5E2C4CDECA00C374F4 /* MightyCloudsOfJoy */ = {
			isa = PBXGroup;
			children = (
				AC803B5F2C4CDECA00C374F4 /* AppDelegate.swift */,
				AC803B612C4CDECA00C374F4 /* SceneDelegate.swift */,
				AC803B632C4CDECA00C374F4 /* ViewController.swift */,
				AC803B772C4DAB2000C374F4 /* WeatherMetalView.swift */,
				AC803B732C4CE03600C374F4 /* WeatherCell.swift */,
				AC803B752C4CF01600C374F4 /* WeatherShaders.metal */,
				AC803B682C4CDED700C374F4 /* Assets.xcassets */,
				AC803B6D2C4CDED700C374F4 /* Info.plist */,
			);
			path = MightyCloudsOfJoy;
			sourceTree = "<group>";
		};
/* End PBXGroup section */

/* Begin PBXNativeTarget section */
		AC803B5B2C4CDECA00C374F4 /* MightyCloudsOfJoy */ = {
			isa = PBXNativeTarget;
			buildConfigurationList = AC803B702C4CDED700C374F4 /* Build configuration list for PBXNativeTarget "MightyCloudsOfJoy" */;
			buildPhases = (
				AC803B582C4CDECA00C374F4 /* Sources */,
				AC803B592C4CDECA00C374F4 /* Frameworks */,
				AC803B5A2C4CDECA00C374F4 /* Resources */,
			);
			buildRules = (
			);
			dependencies = (
			);
			name = MightyCloudsOfJoy;
			productName = MightyCloudsOfJoy;
			productReference = AC803B5C2C4CDECA00C374F4 /* MightyCloudsOfJoy.app */;
			productType = "com.apple.product-type.application";
		};
/* End PBXNativeTarget section */

/* Begin PBXProject section */
		AC803B542C4CDECA00C374F4 /* Project object */ = {
			isa = PBXProject;
			attributes = {
				BuildIndependentTargetsInParallel = 1;
				LastSwiftUpdateCheck = 1520;
				LastUpgradeCheck = 1520;
				TargetAttributes = {
					AC803B5B2C4CDECA00C374F4 = {
						CreatedOnToolsVersion = 15.2;
					};
				};
			};
			buildConfigurationList = AC803B572C4CDECA00C374F4 /* Build configuration list for PBXProject "MightyCloudsOfJoy" */;
			compatibilityVersion = "Xcode 14.0";
			developmentRegion = en;
			hasScannedForEncodings = 0;
			knownRegions = (
				en,
				Base,
			);
			mainGroup = AC803B532C4CDECA00C374F4;
			productRefGroup = AC803B5D2C4CDECA00C374F4 /* Products */;
			projectDirPath = "";
			projectRoot = "";
			targets = (
				AC803B5B2C4CDECA00C374F4 /* MightyCloudsOfJoy */,
			);
		};
/* End PBXProject section */

/* Begin PBXResourcesBuildPhase section */
		AC803B5A2C4CDECA00C374F4 /* Resources */ = {
			isa = PBXResourcesBuildPhase;
			buildActionMask = 2147483647;
			files = (
				AC803B692C4CDED700C374F4 /* Assets.xcassets in Resources */,
			);
			runOnlyForDeploymentPostprocessing = 0;
		};
/* End PBXResourcesBuildPhase section */

/* Begin PBXSourcesBuildPhase section */
		AC803B582C4CDECA00C374F4 /* Sources */ = {
			isa = PBXSourcesBuildPhase;
			buildActionMask = 2147483647;
			files = (
				AC803B742C4CE03600C374F4 /* WeatherCell.swift in Sources */,
				AC803B782C4DAB2000C374F4 /* WeatherMetalView.swift in Sources */,
				AC803B642C4CDECA00C374F4 /* ViewController.swift in Sources */,
				AC803B762C4CF01600C374F4 /* WeatherShaders.metal in Sources */,
				AC803B602C4CDECA00C374F4 /* AppDelegate.swift in Sources */,
				AC803B622C4CDECA00C374F4 /* SceneDelegate.swift in Sources */,
			);
			runOnlyForDeploymentPostprocessing = 0;
		};
/* End PBXSourcesBuildPhase section */

/* Begin XCBuildConfiguration section */
		AC803B6E2C4CDED700C374F4 /* Debug */ = {
			isa = XCBuildConfiguration;
			buildSettings = {
				ALWAYS_SEARCH_USER_PATHS = NO;
				ASSETCATALOG_COMPILER_GENERATE_SWIFT_ASSET_SYMBOL_EXTENSIONS = YES;
				CLANG_ANALYZER_NONNULL = YES;
				CLANG_ANALYZER_NUMBER_OBJECT_CONVERSION = YES_AGGRESSIVE;
				CLANG_CXX_LANGUAGE_STANDARD = "gnu++20";
				CLANG_ENABLE_MODULES = YES;
				CLANG_ENABLE_OBJC_ARC = YES;
				CLANG_ENABLE_OBJC_WEAK = YES;
				CLANG_WARN_BLOCK_CAPTURE_AUTORELEASING = YES;
				CLANG_WARN_BOOL_CONVERSION = YES;
				CLANG_WARN_COMMA = YES;
				CLANG_WARN_CONSTANT_CONVERSION = YES;
				CLANG_WARN_DEPRECATED_OBJC_IMPLEMENTATIONS = YES;
				CLANG_WARN_DIRECT_OBJC_ISA_USAGE = YES_ERROR;
				CLANG_WARN_DOCUMENTATION_COMMENTS = YES;
				CLANG_WARN_EMPTY_BODY = YES;
				CLANG_WARN_ENUM_CONVERSION = YES;
				CLANG_WARN_INFINITE_RECURSION = YES;
				CLANG_WARN_INT_CONVERSION = YES;
				CLANG_WARN_NON_LITERAL_NULL_CONVERSION = YES;
				CLANG_WARN_OBJC_IMPLICIT_RETAIN_SELF = YES;
				CLANG_WARN_OBJC_LITERAL_CONVERSION = YES;
				CLANG_WARN_OBJC_ROOT_CLASS = YES_ERROR;
				CLANG_WARN_QUOTED_INCLUDE_IN_FRAMEWORK_HEADER = YES;
				CLANG_WARN_RANGE_LOOP_ANALYSIS = YES;
				CLANG_WARN_STRICT_PROTOTYPES = YES;
				CLANG_WARN_SUSPICIOUS_MOVE = YES;
				CLANG_WARN_UNGUARDED_AVAILABILITY = YES_AGGRESSIVE;
				CLANG_WARN_UNREACHABLE_CODE = YES;
				CLANG_WARN__DUPLICATE_METHOD_MATCH = YES;
				COPY_PHASE_STRIP = NO;
				DEBUG_INFORMATION_FORMAT = dwarf;
				ENABLE_STRICT_OBJC_MSGSEND = YES;
				ENABLE_TESTABILITY = YES;
				ENABLE_USER_SCRIPT_SANDBOXING = YES;
				GCC_C_LANGUAGE_STANDARD = gnu17;
				GCC_DYNAMIC_NO_PIC = NO;
				GCC_NO_COMMON_BLOCKS = YES;
				GCC_OPTIMIZATION_LEVEL = 0;
				GCC_PREPROCESSOR_DEFINITIONS = (
					"DEBUG=1",
					"$(inherited)",
				);
				GCC_WARN_64_TO_32_BIT_CONVERSION = YES;
				GCC_WARN_ABOUT_RETURN_TYPE = YES_ERROR;
				GCC_WARN_UNDECLARED_SELECTOR = YES;
				GCC_WARN_UNINITIALIZED_AUTOS = YES_AGGRESSIVE;
				GCC_WARN_UNUSED_FUNCTION = YES;
				GCC_WARN_UNUSED_VARIABLE = YES;
				IPHONEOS_DEPLOYMENT_TARGET = 17.2;
				LOCALIZATION_PREFERS_STRING_CATALOGS = YES;
				MTL_ENABLE_DEBUG_INFO = INCLUDE_SOURCE;
				MTL_FAST_MATH = YES;
				ONLY_ACTIVE_ARCH = YES;
				SDKROOT = iphoneos;
				SWIFT_ACTIVE_COMPILATION_CONDITIONS = "DEBUG $(inherited)";
				SWIFT_OPTIMIZATION_LEVEL = "-Onone";
			};
			name = Debug;
		};
		AC803B6F2C4CDED700C374F4 /* Release */ = {
			isa = XCBuildConfiguration;
			buildSettings = {
				ALWAYS_SEARCH_USER_PATHS = NO;
				ASSETCATALOG_COMPILER_GENERATE_SWIFT_ASSET_SYMBOL_EXTENSIONS = YES;
				CLANG_ANALYZER_NONNULL = YES;
				CLANG_ANALYZER_NUMBER_OBJECT_CONVERSION = YES_AGGRESSIVE;
				CLANG_CXX_LANGUAGE_STANDARD = "gnu++20";
				CLANG_ENABLE_MODULES = YES;
				CLANG_ENABLE_OBJC_ARC = YES;
				CLANG_ENABLE_OBJC_WEAK = YES;
				CLANG_WARN_BLOCK_CAPTURE_AUTORELEASING = YES;
				CLANG_WARN_BOOL_CONVERSION = YES;
				CLANG_WARN_COMMA = YES;
				CLANG_WARN_CONSTANT_CONVERSION = YES;
				CLANG_WARN_DEPRECATED_OBJC_IMPLEMENTATIONS = YES;
				CLANG_WARN_DIRECT_OBJC_ISA_USAGE = YES_ERROR;
				CLANG_WARN_DOCUMENTATION_COMMENTS = YES;
				CLANG_WARN_EMPTY_BODY = YES;
				CLANG_WARN_ENUM_CONVERSION = YES;
				CLANG_WARN_INFINITE_RECURSION = YES;
				CLANG_WARN_INT_CONVERSION = YES;
				CLANG_WARN_NON_LITERAL_NULL_CONVERSION = YES;
				CLANG_WARN_OBJC_IMPLICIT_RETAIN_SELF = YES;
				CLANG_WARN_OBJC_LITERAL_CONVERSION = YES;
				CLANG_WARN_OBJC_ROOT_CLASS = YES_ERROR;
				CLANG_WARN_QUOTED_INCLUDE_IN_FRAMEWORK_HEADER = YES;
				CLANG_WARN_RANGE_LOOP_ANALYSIS = YES;
				CLANG_WARN_STRICT_PROTOTYPES = YES;
				CLANG_WARN_SUSPICIOUS_MOVE = YES;
				CLANG_WARN_UNGUARDED_AVAILABILITY = YES_AGGRESSIVE;
				CLANG_WARN_UNREACHABLE_CODE = YES;
				CLANG_WARN__DUPLICATE_METHOD_MATCH = YES;
				COPY_PHASE_STRIP = NO;
				DEBUG_INFORMATION_FORMAT = "dwarf-with-dsym";
				ENABLE_NS_ASSERTIONS = NO;
				ENABLE_STRICT_OBJC_MSGSEND = YES;
				ENABLE_USER_SCRIPT_SANDBOXING = YES;
				GCC_C_LANGUAGE_STANDARD = gnu17;
				GCC_NO_COMMON_BLOCKS = YES;
				GCC_WARN_64_TO_32_BIT_CONVERSION = YES;
				GCC_WARN_ABOUT_RETURN_TYPE = YES_ERROR;
				GCC_WARN_UNDECLARED_SELECTOR = YES;
				GCC_WARN_UNINITIALIZED_AUTOS = YES_AGGRESSIVE;
				GCC_WARN_UNUSED_FUNCTION = YES;
				GCC_WARN_UNUSED_VARIABLE = YES;
				IPHONEOS_DEPLOYMENT_TARGET = 17.2;
				LOCALIZATION_PREFERS_STRING_CATALOGS = YES;
				MTL_ENABLE_DEBUG_INFO = NO;
				MTL_FAST_MATH = YES;
				SDKROOT = iphoneos;
				SWIFT_COMPILATION_MODE = wholemodule;
				VALIDATE_PRODUCT = YES;
			};
			name = Release;
		};
		AC803B712C4CDED700C374F4 /* Debug */ = {
			isa = XCBuildConfiguration;
			buildSettings = {
				ASSETCATALOG_COMPILER_APPICON_NAME = AppIcon;
				ASSETCATALOG_COMPILER_GLOBAL_ACCENT_COLOR_NAME = AccentColor;
				CODE_SIGN_STYLE = Automatic;
				CURRENT_PROJECT_VERSION = 1;
				DEVELOPMENT_TEAM = 482344W3R3;
				GENERATE_INFOPLIST_FILE = YES;
				INFOPLIST_FILE = MightyCloudsOfJoy/Info.plist;
				INFOPLIST_KEY_UIApplicationSupportsIndirectInputEvents = YES;
				INFOPLIST_KEY_UILaunchStoryboardName = LaunchScreen;
				INFOPLIST_KEY_UIStatusBarStyle = "";
				INFOPLIST_KEY_UISupportedInterfaceOrientations_iPad = "UIInterfaceOrientationPortrait UIInterfaceOrientationPortraitUpsideDown UIInterfaceOrientationLandscapeLeft UIInterfaceOrientationLandscapeRight";
				INFOPLIST_KEY_UISupportedInterfaceOrientations_iPhone = "UIInterfaceOrientationPortrait UIInterfaceOrientationLandscapeLeft UIInterfaceOrientationLandscapeRight";
				LD_RUNPATH_SEARCH_PATHS = (
					"$(inherited)",
					"@executable_path/Frameworks",
				);
				MARKETING_VERSION = 1.0;
				PRODUCT_BUNDLE_IDENTIFIER = Artemaj.MightyCloudsOfJoy;
				PRODUCT_NAME = "$(TARGET_NAME)";
				SWIFT_EMIT_LOC_STRINGS = YES;
				SWIFT_VERSION = 5.0;
				TARGETED_DEVICE_FAMILY = "1,2";
			};
			name = Debug;
		};
		AC803B722C4CDED700C374F4 /* Release */ = {
			isa = XCBuildConfiguration;
			buildSettings = {
				ASSETCATALOG_COMPILER_APPICON_NAME = AppIcon;
				ASSETCATALOG_COMPILER_GLOBAL_ACCENT_COLOR_NAME = AccentColor;
				CODE_SIGN_STYLE = Automatic;
				CURRENT_PROJECT_VERSION = 1;
				DEVELOPMENT_TEAM = 482344W3R3;
				GENERATE_INFOPLIST_FILE = YES;
				INFOPLIST_FILE = MightyCloudsOfJoy/Info.plist;
				INFOPLIST_KEY_UIApplicationSupportsIndirectInputEvents = YES;
				INFOPLIST_KEY_UILaunchStoryboardName = LaunchScreen;
				INFOPLIST_KEY_UIStatusBarStyle = "";
				INFOPLIST_KEY_UISupportedInterfaceOrientations_iPad = "UIInterfaceOrientationPortrait UIInterfaceOrientationPortraitUpsideDown UIInterfaceOrientationLandscapeLeft UIInterfaceOrientationLandscapeRight";
				INFOPLIST_KEY_UISupportedInterfaceOrientations_iPhone = "UIInterfaceOrientationPortrait UIInterfaceOrientationLandscapeLeft UIInterfaceOrientationLandscapeRight";
				LD_RUNPATH_SEARCH_PATHS = (
					"$(inherited)",
					"@executable_path/Frameworks",
				);
				MARKETING_VERSION = 1.0;
				PRODUCT_BUNDLE_IDENTIFIER = Artemaj.MightyCloudsOfJoy;
				PRODUCT_NAME = "$(TARGET_NAME)";
				SWIFT_EMIT_LOC_STRINGS = YES;
				SWIFT_VERSION = 5.0;
				TARGETED_DEVICE_FAMILY = "1,2";
			};
			name = Release;
		};
/* End XCBuildConfiguration section */

/* Begin XCConfigurationList section */
		AC803B572C4CDECA00C374F4 /* Build configuration list for PBXProject "MightyCloudsOfJoy" */ = {
			isa = XCConfigurationList;
			buildConfigurations = (
				AC803B6E2C4CDED700C374F4 /* Debug */,
				AC803B6F2C4CDED700C374F4 /* Release */,
			);
			defaultConfigurationIsVisible = 0;
			defaultConfigurationName = Release;
		};
		AC803B702C4CDED700C374F4 /* Build configuration list for PBXNativeTarget "MightyCloudsOfJoy" */ = {
			isa = XCConfigurationList;
			buildConfigurations = (
				AC803B712C4CDED700C374F4 /* Debug */,
				AC803B722C4CDED700C374F4 /* Release */,
			);
			defaultConfigurationIsVisible = 0;
			defaultConfigurationName = Release;
		};
/* End XCConfigurationList section */
	};
	rootObject = AC803B542C4CDECA00C374F4 /* Project object */;
}
